Microsoft Visual Studio Solution File, Format Version 12.00
# Visual Studio 2012
Project("{FAE04EC0-301F-11D3-BF4B-00C04F79EFBC}") = "spin_jam", "spin_jam.csproj", "{703672F5-CCED-44F9-B7DC-52B75244148D}"
EndProject
Global
	GlobalSection(SolutionConfigurationPlatforms) = preSolution
	Debug|Any CPU = Debug|Any CPU
	ExportDebug|Any CPU = ExportDebug|Any CPU
	ExportRelease|Any CPU = ExportRelease|Any CPU
	EndGlobalSection
	GlobalSection(ProjectConfigurationPlatforms) = postSolution
		{703672F5-CCED-44F9-B7DC-52B75244148D}.Debug|Any CPU.ActiveCfg = Debug|Any CPU
		{703672F5-CCED-44F9-B7DC-52B75244148D}.Debug|Any CPU.Build.0 = Debug|Any CPU
		{703672F5-CCED-44F9-B7DC-52B75244148D}.ExportDebug|Any CPU.ActiveCfg = ExportDebug|Any CPU
		{703672F5-CCED-44F9-B7DC-52B75244148D}.ExportDebug|Any CPU.Build.0 = ExportDebug|Any CPU
		{703672F5-CCED-44F9-B7DC-52B75244148D}.ExportRelease|Any CPU.ActiveCfg = ExportRelease|Any CPU
		{703672F5-CCED-44F9-B7DC-52B75244148D}.ExportRelease|Any CPU.Build.0 = ExportRelease|Any CPU
	EndGlobalSection
EndGlobal
